
Microsoft Visual Studio Solution File, Format Version 12.00
# Visual Studio 15
VisualStudioVersion = 15.0.27703.2042
MinimumVisualStudioVersion = 10.0.40219.1
Project("{FAE04EC0-301F-11D3-BF4B-00C04F79EFBC}") = "BurgerBurger.Android", "BurgerBurger\BurgerBurger.Android\BurgerBurger.Android.csproj", "{B670FC79-89A1-4EA4-9102-5F62FBF28524}"
EndProject
Project("{FAE04EC0-301F-11D3-BF4B-00C04F79EFBC}") = "BurgerBurger.iOS", "BurgerBurger\BurgerBurger.iOS\BurgerBurger.iOS.csproj", "{62324633-DA97-4DA9-B77F-BEE8FA32E706}"
EndProject
Project("{FAE04EC0-301F-11D3-BF4B-00C04F79EFBC}") = "BurgerBurger.UWP", "BurgerBurger\BurgerBurger.UWP\BurgerBurger.UWP.csproj", "{57ABDDB5-4826-422E-80FE-69666B38A215}"
EndProject
Project("{FAE04EC0-301F-11D3-BF4B-00C04F79EFBC}") = "BurgerBurger", "BurgerBurger\BurgerBurger\BurgerBurger.csproj", "{12BE73B5-3DD9-4206-9233-E6DEE50CBE39}"
EndProject
Global
	GlobalSection(SolutionConfigurationPlatforms) = preSolution
		Ad-Hoc|Any CPU = Ad-Hoc|Any CPU
		Ad-Hoc|ARM = Ad-Hoc|ARM
		Ad-Hoc|iPhone = Ad-Hoc|iPhone
		Ad-Hoc|iPhoneSimulator = Ad-Hoc|iPhoneSimulator
		Ad-Hoc|x64 = Ad-Hoc|x64
		Ad-Hoc|x86 = Ad-Hoc|x86
		AppStore|Any CPU = AppStore|Any CPU
		AppStore|ARM = AppStore|ARM
		AppStore|iPhone = AppStore|iPhone
		AppStore|iPhoneSimulator = AppStore|iPhoneSimulator
		AppStore|x64 = AppStore|x64
		AppStore|x86 = AppStore|x86
		Debug|Any CPU = Debug|Any CPU
		Debug|ARM = Debug|ARM
		Debug|iPhone = Debug|iPhone
		Debug|iPhoneSimulator = Debug|iPhoneSimulator
		Debug|x64 = Debug|x64
		Debug|x86 = Debug|x86
		Release|Any CPU = Release|Any CPU
		Release|ARM = Release|ARM
		Release|iPhone = Release|iPhone
		Release|iPhoneSimulator = Release|iPhoneSimulator
		Release|x64 = Release|x64
		Release|x86 = Release|x86
	EndGlobalSection
	GlobalSection(ProjectConfigurationPlatforms) = postSolution
		{B670FC79-89A1-4EA4-9102-5F62FBF28524}.Ad-Hoc|Any CPU.ActiveCfg = Release|Any CPU
		{B670FC79-89A1-4EA4-9102-5F62FBF28524}.Ad-Hoc|Any CPU.Build.0 = Release|Any CPU
		{B670FC79-89A1-4EA4-9102-5F62FBF28524}.Ad-Hoc|Any CPU.Deploy.0 = Release|Any CPU
		{B670FC79-89A1-4EA4-9102-5F62FBF28524}.Ad-Hoc|ARM.ActiveCfg = Release|Any CPU
		{B670FC79-89A1-4EA4-9102-5F62FBF28524}.Ad-Hoc|ARM.Build.0 = Release|Any CPU
		{B670FC79-89A1-4EA4-9102-5F62FBF28524}.Ad-Hoc|ARM.Deploy.0 = Release|Any CPU
		{B670FC79-89A1-4EA4-9102-5F62FBF28524}.Ad-Hoc|iPhone.ActiveCfg = Release|Any CPU
		{B670FC79-89A1-4EA4-9102-5F62FBF28524}.Ad-Hoc|iPhone.Build.0 = Release|Any CPU
		{B670FC79-89A1-4EA4-9102-5F62FBF28524}.Ad-Hoc|iPhone.Deploy.0 = Release|Any CPU
		{B670FC79-89A1-4EA4-9102-5F62FBF28524}.Ad-Hoc|iPhoneSimulator.ActiveCfg = Release|Any CPU
		{B670FC79-89A1-4EA4-9102-5F62FBF28524}.Ad-Hoc|iPhoneSimulator.Build.0 = Release|Any CPU
		{B670FC79-89A1-4EA4-9102-5F62FBF28524}.Ad-Hoc|iPhoneSimulator.Deploy.0 = Release|Any CPU
		{B670FC79-89A1-4EA4-9102-5F62FBF28524}.Ad-Hoc|x64.ActiveCfg = Release|Any CPU
		{B670FC79-89A1-4EA4-9102-5F62FBF28524}.Ad-Hoc|x64.Build.0 = Release|Any CPU
		{B670FC79-89A1-4EA4-9102-5F62FBF28524}.Ad-Hoc|x64.Deploy.0 = Release|Any CPU
		{B670FC79-89A1-4EA4-9102-5F62FBF28524}.Ad-Hoc|x86.ActiveCfg = Release|Any CPU
		{B670FC79-89A1-4EA4-9102-5F62FBF28524}.Ad-Hoc|x86.Build.0 = Release|Any CPU
		{B670FC79-89A1-4EA4-9102-5F62FBF28524}.Ad-Hoc|x86.Deploy.0 = Release|Any CPU
		{B670FC79-89A1-4EA4-9102-5F62FBF28524}.AppStore|Any CPU.ActiveCfg = Release|Any CPU
		{B670FC79-89A1-4EA4-9102-5F62FBF28524}.AppStore|Any CPU.Build.0 = Release|Any CPU
		{B670FC79-89A1-4EA4-9102-5F62FBF28524}.AppStore|Any CPU.Deploy.0 = Release|Any CPU
		{B670FC79-89A1-4EA4-9102-5F62FBF28524}.AppStore|ARM.ActiveCfg = Release|Any CPU
		{B670FC79-89A1-4EA4-9102-5F62FBF28524}.AppStore|ARM.Build.0 = Release|Any CPU
		{B670FC79-89A1-4EA4-9102-5F62FBF28524}.AppStore|ARM.Deploy.0 = Release|Any CPU
		{B670FC79-89A1-4EA4-9102-5F62FBF28524}.AppStore|iPhone.ActiveCfg = Release|Any CPU
		{B670FC79-89A1-4EA4-9102-5F62FBF28524}.AppStore|iPhone.Build.0 = Release|Any CPU
		{B670FC79-89A1-4EA4-9102-5F62FBF28524}.AppStore|iPhone.Deploy.0 = Release|Any CPU
		{B670FC79-89A1-4EA4-9102-5F62FBF28524}.AppStore|iPhoneSimulator.ActiveCfg = Release|Any CPU
		{B670FC79-89A1-4EA4-9102-5F62FBF28524}.AppStore|iPhoneSimulator.Build.0 = Release|Any CPU
		{B670FC79-89A1-4EA4-9102-5F62FBF28524}.AppStore|iPhoneSimulator.Deploy.0 = Release|Any CPU
		{B670FC79-89A1-4EA4-9102-5F62FBF28524}.AppStore|x64.ActiveCfg = Release|Any CPU
		{B670FC79-89A1-4EA4-9102-5F62FBF28524}.AppStore|x64.Build.0 = Release|Any CPU
		{B670FC79-89A1-4EA4-9102-5F62FBF28524}.AppStore|x64.Deploy.0 = Release|Any CPU
		{B670FC79-89A1-4EA4-9102-5F62FBF28524}.AppStore|x86.ActiveCfg = Release|Any CPU
		{B670FC79-89A1-4EA4-9102-5F62FBF28524}.AppStore|x86.Build.0 = Release|Any CPU
		{B670FC79-89A1-4EA4-9102-5F62FBF28524}.AppStore|x86.Deploy.0 = Release|Any CPU
		{B670FC79-89A1-4EA4-9102-5F62FBF28524}.Debug|Any CPU.ActiveCfg = Debug|Any CPU
		{B670FC79-89A1-4EA4-9102-5F62FBF28524}.Debug|Any CPU.Build.0 = Debug|Any CPU
		{B670FC79-89A1-4EA4-9102-5F62FBF28524}.Debug|Any CPU.Deploy.0 = Debug|Any CPU
		{B670FC79-89A1-4EA4-9102-5F62FBF28524}.Debug|ARM.ActiveCfg = Debug|Any CPU
		{B670FC79-89A1-4EA4-9102-5F62FBF28524}.Debug|ARM.Build.0 = Debug|Any CPU
		{B670FC79-89A1-4EA4-9102-5F62FBF28524}.Debug|ARM.Deploy.0 = Debug|Any CPU
		{B670FC79-89A1-4EA4-9102-5F62FBF28524}.Debug|iPhone.ActiveCfg = Debug|Any CPU
		{B670FC79-89A1-4EA4-9102-5F62FBF28524}.Debug|iPhone.Build.0 = Debug|Any CPU
		{B670FC79-89A1-4EA4-9102-5F62FBF28524}.Debug|iPhone.Deploy.0 = Debug|Any CPU
		{B670FC79-89A1-4EA4-9102-5F62FBF28524}.Debug|iPhoneSimulator.ActiveCfg = Debug|Any CPU
		{B670FC79-89A1-4EA4-9102-5F62FBF28524}.Debug|iPhoneSimulator.Build.0 = Debug|Any CPU
		{B670FC79-89A1-4EA4-9102-5F62FBF28524}.Debug|iPhoneSimulator.Deploy.0 = Debug|Any CPU
		{B670FC79-89A1-4EA4-9102-5F62FBF28524}.Debug|x64.ActiveCfg = Debug|Any CPU
		{B670FC79-89A1-4EA4-9102-5F62FBF28524}.Debug|x64.Build.0 = Debug|Any CPU
		{B670FC79-89A1-4EA4-9102-5F62FBF28524}.Debug|x64.Deploy.0 = Debug|Any CPU
		{B670FC79-89A1-4EA4-9102-5F62FBF28524}.Debug|x86.ActiveCfg = Debug|Any CPU
		{B670FC79-89A1-4EA4-9102-5F62FBF28524}.Debug|x86.Build.0 = Debug|Any CPU
		{B670FC79-89A1-4EA4-9102-5F62FBF28524}.Debug|x86.Deploy.0 = Debug|Any CPU
		{B670FC79-89A1-4EA4-9102-5F62FBF28524}.Release|Any CPU.ActiveCfg = Release|Any CPU
		{B670FC79-89A1-4EA4-9102-5F62FBF28524}.Release|Any CPU.Build.0 = Release|Any CPU
		{B670FC79-89A1-4EA4-9102-5F62FBF28524}.Release|Any CPU.Deploy.0 = Release|Any CPU
		{B670FC79-89A1-4EA4-9102-5F62FBF28524}.Release|ARM.ActiveCfg = Release|Any CPU
		{B670FC79-89A1-4EA4-9102-5F62FBF28524}.Release|ARM.Build.0 = Release|Any CPU
		{B670FC79-89A1-4EA4-9102-5F62FBF28524}.Release|ARM.Deploy.0 = Release|Any CPU
		{B670FC79-89A1-4EA4-9102-5F62FBF28524}.Release|iPhone.ActiveCfg = Release|Any CPU
		{B670FC79-89A1-4EA4-9102-5F62FBF28524}.Release|iPhone.Build.0 = Release|Any CPU
		{B670FC79-89A1-4EA4-9102-5F62FBF28524}.Release|iPhone.Deploy.0 = Release|Any CPU
		{B670FC79-89A1-4EA4-9102-5F62FBF28524}.Release|iPhoneSimulator.ActiveCfg = Release|Any CPU
		{B670FC79-89A1-4EA4-9102-5F62FBF28524}.Release|iPhoneSimulator.Build.0 = Release|Any CPU
		{B670FC79-89A1-4EA4-9102-5F62FBF28524}.Release|iPhoneSimulator.Deploy.0 = Release|Any CPU
		{B670FC79-89A1-4EA4-9102-5F62FBF28524}.Release|x64.ActiveCfg = Release|Any CPU
		{B670FC79-89A1-4EA4-9102-5F62FBF28524}.Release|x64.Build.0 = Release|Any CPU
		{B670FC79-89A1-4EA4-9102-5F62FBF28524}.Release|x64.Deploy.0 = Release|Any CPU
		{B670FC79-89A1-4EA4-9102-5F62FBF28524}.Release|x86.ActiveCfg = Release|Any CPU
		{B670FC79-89A1-4EA4-9102-5F62FBF28524}.Release|x86.Build.0 = Release|Any CPU
		{B670FC79-89A1-4EA4-9102-5F62FBF28524}.Release|x86.Deploy.0 = Release|Any CPU
		{62324633-DA97-4DA9-B77F-BEE8FA32E706}.Ad-Hoc|Any CPU.ActiveCfg = Ad-Hoc|iPhone
		{62324633-DA97-4DA9-B77F-BEE8FA32E706}.Ad-Hoc|Any CPU.Build.0 = Ad-Hoc|iPhone
		{62324633-DA97-4DA9-B77F-BEE8FA32E706}.Ad-Hoc|Any CPU.Deploy.0 = Ad-Hoc|iPhone
		{62324633-DA97-4DA9-B77F-BEE8FA32E706}.Ad-Hoc|ARM.ActiveCfg = Ad-Hoc|iPhone
		{62324633-DA97-4DA9-B77F-BEE8FA32E706}.Ad-Hoc|ARM.Build.0 = Ad-Hoc|iPhone
		{62324633-DA97-4DA9-B77F-BEE8FA32E706}.Ad-Hoc|ARM.Deploy.0 = Ad-Hoc|iPhone
		{62324633-DA97-4DA9-B77F-BEE8FA32E706}.Ad-Hoc|iPhone.ActiveCfg = Ad-Hoc|iPhone
		{62324633-DA97-4DA9-B77F-BEE8FA32E706}.Ad-Hoc|iPhone.Build.0 = Ad-Hoc|iPhone
		{62324633-DA97-4DA9-B77F-BEE8FA32E706}.Ad-Hoc|iPhone.Deploy.0 = Ad-Hoc|iPhone
		{62324633-DA97-4DA9-B77F-BEE8FA32E706}.Ad-Hoc|iPhoneSimulator.ActiveCfg = Ad-Hoc|iPhoneSimulator
		{62324633-DA97-4DA9-B77F-BEE8FA32E706}.Ad-Hoc|iPhoneSimulator.Build.0 = Ad-Hoc|iPhoneSimulator
		{62324633-DA97-4DA9-B77F-BEE8FA32E706}.Ad-Hoc|iPhoneSimulator.Deploy.0 = Ad-Hoc|iPhoneSimulator
		{62324633-DA97-4DA9-B77F-BEE8FA32E706}.Ad-Hoc|x64.ActiveCfg = Ad-Hoc|iPhone
		{62324633-DA97-4DA9-B77F-BEE8FA32E706}.Ad-Hoc|x64.Build.0 = Ad-Hoc|iPhone
		{62324633-DA97-4DA9-B77F-BEE8FA32E706}.Ad-Hoc|x64.Deploy.0 = Ad-Hoc|iPhone
		{62324633-DA97-4DA9-B77F-BEE8FA32E706}.Ad-Hoc|x86.ActiveCfg = Ad-Hoc|iPhone
		{62324633-DA97-4DA9-B77F-BEE8FA32E706}.Ad-Hoc|x86.Build.0 = Ad-Hoc|iPhone
		{62324633-DA97-4DA9-B77F-BEE8FA32E706}.Ad-Hoc|x86.Deploy.0 = Ad-Hoc|iPhone
		{62324633-DA97-4DA9-B77F-BEE8FA32E706}.AppStore|Any CPU.ActiveCfg = AppStore|iPhone
		{62324633-DA97-4DA9-B77F-BEE8FA32E706}.AppStore|Any CPU.Build.0 = AppStore|iPhone
		{62324633-DA97-4DA9-B77F-BEE8FA32E706}.AppStore|Any CPU.Deploy.0 = AppStore|iPhone
		{62324633-DA97-4DA9-B77F-BEE8FA32E706}.AppStore|ARM.ActiveCfg = AppStore|iPhone
		{62324633-DA97-4DA9-B77F-BEE8FA32E706}.AppStore|ARM.Build.0 = AppStore|iPhone
		{62324633-DA97-4DA9-B77F-BEE8FA32E706}.AppStore|ARM.Deploy.0 = AppStore|iPhone
		{62324633-DA97-4DA9-B77F-BEE8FA32E706}.AppStore|iPhone.ActiveCfg = AppStore|iPhone
		{62324633-DA97-4DA9-B77F-BEE8FA32E706}.AppStore|iPhone.Build.0 = AppStore|iPhone
		{62324633-DA97-4DA9-B77F-BEE8FA32E706}.AppStore|iPhone.Deploy.0 = AppStore|iPhone
		{62324633-DA97-4DA9-B77F-BEE8FA32E706}.AppStore|iPhoneSimulator.ActiveCfg = AppStore|iPhoneSimulator
		{62324633-DA97-4DA9-B77F-BEE8FA32E706}.AppStore|iPhoneSimulator.Build.0 = AppStore|iPhoneSimulator
		{62324633-DA97-4DA9-B77F-BEE8FA32E706}.AppStore|iPhoneSimulator.Deploy.0 = AppStore|iPhoneSimulator
		{62324633-DA97-4DA9-B77F-BEE8FA32E706}.AppStore|x64.ActiveCfg = AppStore|iPhone
		{62324633-DA97-4DA9-B77F-BEE8FA32E706}.AppStore|x64.Build.0 = AppStore|iPhone
		{62324633-DA97-4DA9-B77F-BEE8FA32E706}.AppStore|x64.Deploy.0 = AppStore|iPhone
		{62324633-DA97-4DA9-B77F-BEE8FA32E706}.AppStore|x86.ActiveCfg = AppStore|iPhone
		{62324633-DA97-4DA9-B77F-BEE8FA32E706}.AppStore|x86.Build.0 = AppStore|iPhone
		{62324633-DA97-4DA9-B77F-BEE8FA32E706}.AppStore|x86.Deploy.0 = AppStore|iPhone
		{62324633-DA97-4DA9-B77F-BEE8FA32E706}.Debug|Any CPU.ActiveCfg = Debug|iPhoneSimulator
		{62324633-DA97-4DA9-B77F-BEE8FA32E706}.Debug|Any CPU.Build.0 = Debug|iPhoneSimulator
		{62324633-DA97-4DA9-B77F-BEE8FA32E706}.Debug|Any CPU.Deploy.0 = Debug|iPhoneSimulator
		{62324633-DA97-4DA9-B77F-BEE8FA32E706}.Debug|ARM.ActiveCfg = Debug|iPhone
		{62324633-DA97-4DA9-B77F-BEE8FA32E706}.Debug|ARM.Build.0 = Debug|iPhone
		{62324633-DA97-4DA9-B77F-BEE8FA32E706}.Debug|ARM.Deploy.0 = Debug|iPhone
		{62324633-DA97-4DA9-B77F-BEE8FA32E706}.Debug|iPhone.ActiveCfg = Debug|iPhone
		{62324633-DA97-4DA9-B77F-BEE8FA32E706}.Debug|iPhone.Build.0 = Debug|iPhone
		{62324633-DA97-4DA9-B77F-BEE8FA32E706}.Debug|iPhone.Deploy.0 = Debug|iPhone
		{62324633-DA97-4DA9-B77F-BEE8FA32E706}.Debug|iPhoneSimulator.ActiveCfg = Debug|iPhoneSimulator
		{62324633-DA97-4DA9-B77F-BEE8FA32E706}.Debug|iPhoneSimulator.Build.0 = Debug|iPhoneSimulator
		{62324633-DA97-4DA9-B77F-BEE8FA32E706}.Debug|iPhoneSimulator.Deploy.0 = Debug|iPhoneSimulator
		{62324633-DA97-4DA9-B77F-BEE8FA32E706}.Debug|x64.ActiveCfg = Debug|iPhone
		{62324633-DA97-4DA9-B77F-BEE8FA32E706}.Debug|x64.Build.0 = Debug|iPhone
		{62324633-DA97-4DA9-B77F-BEE8FA32E706}.Debug|x64.Deploy.0 = Debug|iPhone
		{62324633-DA97-4DA9-B77F-BEE8FA32E706}.Debug|x86.ActiveCfg = Debug|iPhone
		{62324633-DA97-4DA9-B77F-BEE8FA32E706}.Debug|x86.Build.0 = Debug|iPhone
		{62324633-DA97-4DA9-B77F-BEE8FA32E706}.Debug|x86.Deploy.0 = Debug|iPhone
		{62324633-DA97-4DA9-B77F-BEE8FA32E706}.Release|Any CPU.ActiveCfg = Release|iPhone
		{62324633-DA97-4DA9-B77F-BEE8FA32E706}.Release|Any CPU.Build.0 = Release|iPhone
		{62324633-DA97-4DA9-B77F-BEE8FA32E706}.Release|Any CPU.Deploy.0 = Release|iPhone
		{62324633-DA97-4DA9-B77F-BEE8FA32E706}.Release|ARM.ActiveCfg = Release|iPhone
		{62324633-DA97-4DA9-B77F-BEE8FA32E706}.Release|ARM.Build.0 = Release|iPhone
		{62324633-DA97-4DA9-B77F-BEE8FA32E706}.Release|ARM.Deploy.0 = Release|iPhone
		{62324633-DA97-4DA9-B77F-BEE8FA32E706}.Release|iPhone.ActiveCfg = Release|iPhone
		{62324633-DA97-4DA9-B77F-BEE8FA32E706}.Release|iPhone.Build.0 = Release|iPhone
		{62324633-DA97-4DA9-B77F-BEE8FA32E706}.Release|iPhone.Deploy.0 = Release|iPhone
		{62324633-DA97-4DA9-B77F-BEE8FA32E706}.Release|iPhoneSimulator.ActiveCfg = Release|iPhoneSimulator
		{62324633-DA97-4DA9-B77F-BEE8FA32E706}.Release|iPhoneSimulator.Build.0 = Release|iPhoneSimulator
		{62324633-DA97-4DA9-B77F-BEE8FA32E706}.Release|iPhoneSimulator.Deploy.0 = Release|iPhoneSimulator
		{62324633-DA97-4DA9-B77F-BEE8FA32E706}.Release|x64.ActiveCfg = Release|iPhone
		{62324633-DA97-4DA9-B77F-BEE8FA32E706}.Release|x64.Build.0 = Release|iPhone
		{62324633-DA97-4DA9-B77F-BEE8FA32E706}.Release|x64.Deploy.0 = Release|iPhone
		{62324633-DA97-4DA9-B77F-BEE8FA32E706}.Release|x86.ActiveCfg = Release|iPhone
		{62324633-DA97-4DA9-B77F-BEE8FA32E706}.Release|x86.Build.0 = Release|iPhone
		{62324633-DA97-4DA9-B77F-BEE8FA32E706}.Release|x86.Deploy.0 = Release|iPhone
		{57ABDDB5-4826-422E-80FE-69666B38A215}.Ad-Hoc|Any CPU.ActiveCfg = Release|x86
		{57ABDDB5-4826-422E-80FE-69666B38A215}.Ad-Hoc|Any CPU.Build.0 = Release|x86
		{57ABDDB5-4826-422E-80FE-69666B38A215}.Ad-Hoc|Any CPU.Deploy.0 = Release|x86
		{57ABDDB5-4826-422E-80FE-69666B38A215}.Ad-Hoc|ARM.ActiveCfg = Release|ARM
		{57ABDDB5-4826-422E-80FE-69666B38A215}.Ad-Hoc|ARM.Build.0 = Release|ARM
		{57ABDDB5-4826-422E-80FE-69666B38A215}.Ad-Hoc|ARM.Deploy.0 = Release|ARM
		{57ABDDB5-4826-422E-80FE-69666B38A215}.Ad-Hoc|iPhone.ActiveCfg = Release|x86
		{57ABDDB5-4826-422E-80FE-69666B38A215}.Ad-Hoc|iPhone.Build.0 = Release|x86
		{57ABDDB5-4826-422E-80FE-69666B38A215}.Ad-Hoc|iPhone.Deploy.0 = Release|x86
		{57ABDDB5-4826-422E-80FE-69666B38A215}.Ad-Hoc|iPhoneSimulator.ActiveCfg = Release|x86
		{57ABDDB5-4826-422E-80FE-69666B38A215}.Ad-Hoc|iPhoneSimulator.Build.0 = Release|x86
		{57ABDDB5-4826-422E-80FE-69666B38A215}.Ad-Hoc|iPhoneSimulator.Deploy.0 = Release|x86
		{57ABDDB5-4826-422E-80FE-69666B38A215}.Ad-Hoc|x64.ActiveCfg = Release|x64
		{57ABDDB5-4826-422E-80FE-69666B38A215}.Ad-Hoc|x64.Build.0 = Release|x64
		{57ABDDB5-4826-422E-80FE-69666B38A215}.Ad-Hoc|x64.Deploy.0 = Release|x64
		{57ABDDB5-4826-422E-80FE-69666B38A215}.Ad-Hoc|x86.ActiveCfg = Release|x86
		{57ABDDB5-4826-422E-80FE-69666B38A215}.Ad-Hoc|x86.Build.0 = Release|x86
		{57ABDDB5-4826-422E-80FE-69666B38A215}.Ad-Hoc|x86.Deploy.0 = Release|x86
		{57ABDDB5-4826-422E-80FE-69666B38A215}.AppStore|Any CPU.ActiveCfg = Release|x86
		{57ABDDB5-4826-422E-80FE-69666B38A215}.AppStore|Any CPU.Build.0 = Release|x86
		{57ABDDB5-4826-422E-80FE-69666B38A215}.AppStore|Any CPU.Deploy.0 = Release|x86
		{57ABDDB5-4826-422E-80FE-69666B38A215}.AppStore|ARM.ActiveCfg = Release|ARM
		{57ABDDB5-4826-422E-80FE-69666B38A215}.AppStore|ARM.Build.0 = Release|ARM
		{57ABDDB5-4826-422E-80FE-69666B38A215}.AppStore|ARM.Deploy.0 = Release|ARM
		{57ABDDB5-4826-422E-80FE-69666B38A215}.AppStore|iPhone.ActiveCfg = Release|x86
		{57ABDDB5-4826-422E-80FE-69666B38A215}.AppStore|iPhone.Build.0 = Release|x86
		{57ABDDB5-4826-422E-80FE-69666B38A215}.AppStore|iPhone.Deploy.0 = Release|x86
		{57ABDDB5-4826-422E-80FE-69666B38A215}.AppStore|iPhoneSimulator.ActiveCfg = Release|x86
		{57ABDDB5-4826-422E-80FE-69666B38A215}.AppStore|iPhoneSimulator.Build.0 = Release|x86
		{57ABDDB5-4826-422E-80FE-69666B38A215}.AppStore|iPhoneSimulator.Deploy.0 = Release|x86
		{57ABDDB5-4826-422E-80FE-69666B38A215}.AppStore|x64.ActiveCfg = Release|x64
		{57ABDDB5-4826-422E-80FE-69666B38A215}.AppStore|x64.Build.0 = Release|x64
		{57ABDDB5-4826-422E-80FE-69666B38A215}.AppStore|x64.Deploy.0 = Release|x64
		{57ABDDB5-4826-422E-80FE-69666B38A215}.AppStore|x86.ActiveCfg = Release|x86
		{57ABDDB5-4826-422E-80FE-69666B38A215}.AppStore|x86.Build.0 = Release|x86
		{57ABDDB5-4826-422E-80FE-69666B38A215}.AppStore|x86.Deploy.0 = Release|x86
		{57ABDDB5-4826-422E-80FE-69666B38A215}.Debug|Any CPU.ActiveCfg = Debug|x86
		{57ABDDB5-4826-422E-80FE-69666B38A215}.Debug|Any CPU.Build.0 = Debug|x86
		{57ABDDB5-4826-422E-80FE-69666B38A215}.Debug|Any CPU.Deploy.0 = Debug|x86
		{57ABDDB5-4826-422E-80FE-69666B38A215}.Debug|ARM.ActiveCfg = Debug|ARM
		{57ABDDB5-4826-422E-80FE-69666B38A215}.Debug|ARM.Build.0 = Debug|ARM
		{57ABDDB5-4826-422E-80FE-69666B38A215}.Debug|ARM.Deploy.0 = Debug|ARM
		{57ABDDB5-4826-422E-80FE-69666B38A215}.Debug|iPhone.ActiveCfg = Debug|x86
		{57ABDDB5-4826-422E-80FE-69666B38A215}.Debug|iPhone.Build.0 = Debug|x86
		{57ABDDB5-4826-422E-80FE-69666B38A215}.Debug|iPhone.Deploy.0 = Debug|x86
		{57ABDDB5-4826-422E-80FE-69666B38A215}.Debug|iPhoneSimulator.ActiveCfg = Debug|x86
		{57ABDDB5-4826-422E-80FE-69666B38A215}.Debug|iPhoneSimulator.Build.0 = Debug|x86
		{57ABDDB5-4826-422E-80FE-69666B38A215}.Debug|iPhoneSimulator.Deploy.0 = Debug|x86
		{57ABDDB5-4826-422E-80FE-69666B38A215}.Debug|x64.ActiveCfg = Debug|x64
		{57ABDDB5-4826-422E-80FE-69666B38A215}.Debug|x64.Build.0 = Debug|x64
		{57ABDDB5-4826-422E-80FE-69666B38A215}.Debug|x64.Deploy.0 = Debug|x64
		{57ABDDB5-4826-422E-80FE-69666B38A215}.Debug|x86.ActiveCfg = Debug|x86
		{57ABDDB5-4826-422E-80FE-69666B38A215}.Debug|x86.Build.0 = Debug|x86
		{57ABDDB5-4826-422E-80FE-69666B38A215}.Debug|x86.Deploy.0 = Debug|x86
		{57ABDDB5-4826-422E-80FE-69666B38A215}.Release|Any CPU.ActiveCfg = Release|x86
		{57ABDDB5-4826-422E-80FE-69666B38A215}.Release|Any CPU.Build.0 = Release|x86
		{57ABDDB5-4826-422E-80FE-69666B38A215}.Release|Any CPU.Deploy.0 = Release|x86
		{57ABDDB5-4826-422E-80FE-69666B38A215}.Release|ARM.ActiveCfg = Release|ARM
		{57ABDDB5-4826-422E-80FE-69666B38A215}.Release|ARM.Build.0 = Release|ARM
		{57ABDDB5-4826-422E-80FE-69666B38A215}.Release|ARM.Deploy.0 = Release|ARM
		{57ABDDB5-4826-422E-80FE-69666B38A215}.Release|iPhone.ActiveCfg = Release|x86
		{57ABDDB5-4826-422E-80FE-69666B38A215}.Release|iPhone.Build.0 = Release|x86
		{57ABDDB5-4826-422E-80FE-69666B38A215}.Release|iPhone.Deploy.0 = Release|x86
		{57ABDDB5-4826-422E-80FE-69666B38A215}.Release|iPhoneSimulator.ActiveCfg = Release|x86
		{57ABDDB5-4826-422E-80FE-69666B38A215}.Release|iPhoneSimulator.Build.0 = Release|x86
		{57ABDDB5-4826-422E-80FE-69666B38A215}.Release|iPhoneSimulator.Deploy.0 = Release|x86
		{57ABDDB5-4826-422E-80FE-69666B38A215}.Release|x64.ActiveCfg = Release|x64
		{57ABDDB5-4826-422E-80FE-69666B38A215}.Release|x64.Build.0 = Release|x64
		{57ABDDB5-4826-422E-80FE-69666B38A215}.Release|x64.Deploy.0 = Release|x64
		{57ABDDB5-4826-422E-80FE-69666B38A215}.Release|x86.ActiveCfg = Release|x86
		{57ABDDB5-4826-422E-80FE-69666B38A215}.Release|x86.Build.0 = Release|x86
		{57ABDDB5-4826-422E-80FE-69666B38A215}.Release|x86.Deploy.0 = Release|x86
		{12BE73B5-3DD9-4206-9233-E6DEE50CBE39}.Ad-Hoc|Any CPU.ActiveCfg = Debug|Any CPU
		{12BE73B5-3DD9-4206-9233-E6DEE50CBE39}.Ad-Hoc|Any CPU.Build.0 = Debug|Any CPU
		{12BE73B5-3DD9-4206-9233-E6DEE50CBE39}.Ad-Hoc|Any CPU.Deploy.0 = Debug|Any CPU
		{12BE73B5-3DD9-4206-9233-E6DEE50CBE39}.Ad-Hoc|ARM.ActiveCfg = Debug|Any CPU
		{12BE73B5-3DD9-4206-9233-E6DEE50CBE39}.Ad-Hoc|ARM.Build.0 = Debug|Any CPU
		{12BE73B5-3DD9-4206-9233-E6DEE50CBE39}.Ad-Hoc|ARM.Deploy.0 = Debug|Any CPU
		{12BE73B5-3DD9-4206-9233-E6DEE50CBE39}.Ad-Hoc|iPhone.ActiveCfg = Debug|Any CPU
		{12BE73B5-3DD9-4206-9233-E6DEE50CBE39}.Ad-Hoc|iPhone.Build.0 = Debug|Any CPU
		{12BE73B5-3DD9-4206-9233-E6DEE50CBE39}.Ad-Hoc|iPhone.Deploy.0 = Debug|Any CPU
		{12BE73B5-3DD9-4206-9233-E6DEE50CBE39}.Ad-Hoc|iPhoneSimulator.ActiveCfg = Debug|Any CPU
		{12BE73B5-3DD9-4206-9233-E6DEE50CBE39}.Ad-Hoc|iPhoneSimulator.Build.0 = Debug|Any CPU
		{12BE73B5-3DD9-4206-9233-E6DEE50CBE39}.Ad-Hoc|iPhoneSimulator.Deploy.0 = Debug|Any CPU
		{12BE73B5-3DD9-4206-9233-E6DEE50CBE39}.Ad-Hoc|x64.ActiveCfg = Debug|Any CPU
		{12BE73B5-3DD9-4206-9233-E6DEE50CBE39}.Ad-Hoc|x64.Build.0 = Debug|Any CPU
		{12BE73B5-3DD9-4206-9233-E6DEE50CBE39}.Ad-Hoc|x64.Deploy.0 = Debug|Any CPU
		{12BE73B5-3DD9-4206-9233-E6DEE50CBE39}.Ad-Hoc|x86.ActiveCfg = Debug|Any CPU
		{12BE73B5-3DD9-4206-9233-E6DEE50CBE39}.Ad-Hoc|x86.Build.0 = Debug|Any CPU
		{12BE73B5-3DD9-4206-9233-E6DEE50CBE39}.Ad-Hoc|x86.Deploy.0 = Debug|Any CPU
		{12BE73B5-3DD9-4206-9233-E6DEE50CBE39}.AppStore|Any CPU.ActiveCfg = Debug|Any CPU
		{12BE73B5-3DD9-4206-9233-E6DEE50CBE39}.AppStore|Any CPU.Build.0 = Debug|Any CPU
		{12BE73B5-3DD9-4206-9233-E6DEE50CBE39}.AppStore|Any CPU.Deploy.0 = Debug|Any CPU
		{12BE73B5-3DD9-4206-9233-E6DEE50CBE39}.AppStore|ARM.ActiveCfg = Debug|Any CPU
		{12BE73B5-3DD9-4206-9233-E6DEE50CBE39}.AppStore|ARM.Build.0 = Debug|Any CPU
		{12BE73B5-3DD9-4206-9233-E6DEE50CBE39}.AppStore|ARM.Deploy.0 = Debug|Any CPU
		{12BE73B5-3DD9-4206-9233-E6DEE50CBE39}.AppStore|iPhone.ActiveCfg = Debug|Any CPU
		{12BE73B5-3DD9-4206-9233-E6DEE50CBE39}.AppStore|iPhone.Build.0 = Debug|Any CPU
		{12BE73B5-3DD9-4206-9233-E6DEE50CBE39}.AppStore|iPhone.Deploy.0 = Debug|Any CPU
		{12BE73B5-3DD9-4206-9233-E6DEE50CBE39}.AppStore|iPhoneSimulator.ActiveCfg = Debug|Any CPU
		{12BE73B5-3DD9-4206-9233-E6DEE50CBE39}.AppStore|iPhoneSimulator.Build.0 = Debug|Any CPU
		{12BE73B5-3DD9-4206-9233-E6DEE50CBE39}.AppStore|iPhoneSimulator.Deploy.0 = Debug|Any CPU
		{12BE73B5-3DD9-4206-9233-E6DEE50CBE39}.AppStore|x64.ActiveCfg = Debug|Any CPU
		{12BE73B5-3DD9-4206-9233-E6DEE50CBE39}.AppStore|x64.Build.0 = Debug|Any CPU
		{12BE73B5-3DD9-4206-9233-E6DEE50CBE39}.AppStore|x64.Deploy.0 = Debug|Any CPU
		{12BE73B5-3DD9-4206-9233-E6DEE50CBE39}.AppStore|x86.ActiveCfg = Debug|Any CPU
		{12BE73B5-3DD9-4206-9233-E6DEE50CBE39}.AppStore|x86.Build.0 = Debug|Any CPU
		{12BE73B5-3DD9-4206-9233-E6DEE50CBE39}.AppStore|x86.Deploy.0 = Debug|Any CPU
		{12BE73B5-3DD9-4206-9233-E6DEE50CBE39}.Debug|Any CPU.ActiveCfg = Debug|Any CPU
		{12BE73B5-3DD9-4206-9233-E6DEE50CBE39}.Debug|Any CPU.Build.0 = Debug|Any CPU
		{12BE73B5-3DD9-4206-9233-E6DEE50CBE39}.Debug|Any CPU.Deploy.0 = Debug|Any CPU
		{12BE73B5-3DD9-4206-9233-E6DEE50CBE39}.Debug|ARM.ActiveCfg = Debug|Any CPU
		{12BE73B5-3DD9-4206-9233-E6DEE50CBE39}.Debug|ARM.Build.0 = Debug|Any CPU
		{12BE73B5-3DD9-4206-9233-E6DEE50CBE39}.Debug|ARM.Deploy.0 = Debug|Any CPU
		{12BE73B5-3DD9-4206-9233-E6DEE50CBE39}.Debug|iPhone.ActiveCfg = Debug|Any CPU
		{12BE73B5-3DD9-4206-9233-E6DEE50CBE39}.Debug|iPhone.Build.0 = Debug|Any CPU
		{12BE73B5-3DD9-4206-9233-E6DEE50CBE39}.Debug|iPhone.Deploy.0 = Debug|Any CPU
		{12BE73B5-3DD9-4206-9233-E6DEE50CBE39}.Debug|iPhoneSimulator.ActiveCfg = Debug|Any CPU
		{12BE73B5-3DD9-4206-9233-E6DEE50CBE39}.Debug|iPhoneSimulator.Build.0 = Debug|Any CPU
		{12BE73B5-3DD9-4206-9233-E6DEE50CBE39}.Debug|iPhoneSimulator.Deploy.0 = Debug|Any CPU
		{12BE73B5-3DD9-4206-9233-E6DEE50CBE39}.Debug|x64.ActiveCfg = Debug|Any CPU
		{12BE73B5-3DD9-4206-9233-E6DEE50CBE39}.Debug|x64.Build.0 = Debug|Any CPU
		{12BE73B5-3DD9-4206-9233-E6DEE50CBE39}.Debug|x64.Deploy.0 = Debug|Any CPU
		{12BE73B5-3DD9-4206-9233-E6DEE50CBE39}.Debug|x86.ActiveCfg = Debug|Any CPU
		{12BE73B5-3DD9-4206-9233-E6DEE50CBE39}.Debug|x86.Build.0 = Debug|Any CPU
		{12BE73B5-3DD9-4206-9233-E6DEE50CBE39}.Debug|x86.Deploy.0 = Debug|Any CPU
		{12BE73B5-3DD9-4206-9233-E6DEE50CBE39}.Release|Any CPU.ActiveCfg = Release|Any CPU
		{12BE73B5-3DD9-4206-9233-E6DEE50CBE39}.Release|Any CPU.Build.0 = Release|Any CPU
		{12BE73B5-3DD9-4206-9233-E6DEE50CBE39}.Release|Any CPU.Deploy.0 = Release|Any CPU
		{12BE73B5-3DD9-4206-9233-E6DEE50CBE39}.Release|ARM.ActiveCfg = Release|Any CPU
		{12BE73B5-3DD9-4206-9233-E6DEE50CBE39}.Release|ARM.Build.0 = Release|Any CPU
		{12BE73B5-3DD9-4206-9233-E6DEE50CBE39}.Release|ARM.Deploy.0 = Release|Any CPU
		{12BE73B5-3DD9-4206-9233-E6DEE50CBE39}.Release|iPhone.ActiveCfg = Release|Any CPU
		{12BE73B5-3DD9-4206-9233-E6DEE50CBE39}.Release|iPhone.Build.0 = Release|Any CPU
		{12BE73B5-3DD9-4206-9233-E6DEE50CBE39}.Release|iPhone.Deploy.0 = Release|Any CPU
		{12BE73B5-3DD9-4206-9233-E6DEE50CBE39}.Release|iPhoneSimulator.ActiveCfg = Release|Any CPU
		{12BE73B5-3DD9-4206-9233-E6DEE50CBE39}.Release|iPhoneSimulator.Build.0 = Release|Any CPU
		{12BE73B5-3DD9-4206-9233-E6DEE50CBE39}.Release|iPhoneSimulator.Deploy.0 = Release|Any CPU
		{12BE73B5-3DD9-4206-9233-E6DEE50CBE39}.Release|x64.ActiveCfg = Release|Any CPU
		{12BE73B5-3DD9-4206-9233-E6DEE50CBE39}.Release|x64.Build.0 = Release|Any CPU
		{12BE73B5-3DD9-4206-9233-E6DEE50CBE39}.Release|x64.Deploy.0 = Release|Any CPU
		{12BE73B5-3DD9-4206-9233-E6DEE50CBE39}.Release|x86.ActiveCfg = Release|Any CPU
		{12BE73B5-3DD9-4206-9233-E6DEE50CBE39}.Release|x86.Build.0 = Release|Any CPU
		{12BE73B5-3DD9-4206-9233-E6DEE50CBE39}.Release|x86.Deploy.0 = Release|Any CPU
	EndGlobalSection
	GlobalSection(SolutionProperties) = preSolution
		HideSolutionNode = FALSE
	EndGlobalSection
	GlobalSection(ExtensibilityGlobals) = postSolution
		SolutionGuid = {563D096F-6203-4C6D-9563-50357445FB31}
	EndGlobalSection
EndGlobal
